
Microsoft Visual Studio Solution File, Format Version 12.00
# Visual Studio 14
VisualStudioVersion = 14.0.24720.0
MinimumVisualStudioVersion = 10.0.40219.1
Project("{2150E333-8FDC-42A3-9474-1A3956D46DE8}") = "Solution Items", "Solution Items", "{A7B06A2A-26BA-402A-A4A4-9F3DAEC3BEA5}"
	ProjectSection(SolutionItems) = preProject
		LICENSE = LICENSE
		Make.bat = Make.bat
		readme.html = readme.html
		README.md = README.md
		Report.NET.nuspec = Report.NET.nuspec
	EndProjectSection
EndProject
Project("{FAE04EC0-301F-11D3-BF4B-00C04F79EFBC}") = "Reports2.0", "Root\Reports\Reports2.0.csproj", "{73E7756A-EFE1-4267-8A3A-EF76C31C1CAB}"
EndProject
Project("{FAE04EC0-301F-11D3-BF4B-00C04F79EFBC}") = "Reports3.0", "Root\Reports\Reports3.0.csproj", "{3002A8E4-31C8-4185-A806-A48F35419149}"
EndProject
Project("{FAE04EC0-301F-11D3-BF4B-00C04F79EFBC}") = "Reports3.5", "Root\Reports\Reports3.5.csproj", "{8B4C2FDC-7D31-413C-8AF6-83C7D0DDD2EE}"
EndProject
Project("{FAE04EC0-301F-11D3-BF4B-00C04F79EFBC}") = "Reports4.0", "Root\Reports\Reports4.0.csproj", "{3BE0A6F8-6A20-4F83-886A-46620FEE3654}"
EndProject
Project("{FAE04EC0-301F-11D3-BF4B-00C04F79EFBC}") = "Reports4.5.1", "Root\Reports\Reports4.5.1.csproj", "{D7C457CA-891F-425A-BEDC-2345A985FD35}"
EndProject
Project("{FAE04EC0-301F-11D3-BF4B-00C04F79EFBC}") = "Reports4.5.2", "Root\Reports\Reports4.5.2.csproj", "{4982CEF7-4CF3-48C0-8925-5E14AFD3C94D}"
EndProject
Project("{FAE04EC0-301F-11D3-BF4B-00C04F79EFBC}") = "Reports4.5", "Root\Reports\Reports4.5.csproj", "{8B9F86B5-B877-4596-8363-3243E0ECB963}"
EndProject
Project("{FAE04EC0-301F-11D3-BF4B-00C04F79EFBC}") = "Reports4.6", "Root\Reports\Reports4.6.csproj", "{F0AA51F3-A93E-4233-A27D-A3F2BADC0D49}"
EndProject
Project("{FAE04EC0-301F-11D3-BF4B-00C04F79EFBC}") = "Reports4.6.1", "Root\Reports\Reports4.6.1.csproj", "{64D06A26-FFD0-420B-B668-B6D54D50EBC5}"
EndProject
Global
	GlobalSection(SolutionConfigurationPlatforms) = preSolution
		Debug|Any CPU = Debug|Any CPU
		Release|Any CPU = Release|Any CPU
	EndGlobalSection
	GlobalSection(ProjectConfigurationPlatforms) = postSolution
		{73E7756A-EFE1-4267-8A3A-EF76C31C1CAB}.Debug|Any CPU.ActiveCfg = Debug|Any CPU
		{73E7756A-EFE1-4267-8A3A-EF76C31C1CAB}.Debug|Any CPU.Build.0 = Debug|Any CPU
		{73E7756A-EFE1-4267-8A3A-EF76C31C1CAB}.Release|Any CPU.ActiveCfg = Release|Any CPU
		{73E7756A-EFE1-4267-8A3A-EF76C31C1CAB}.Release|Any CPU.Build.0 = Release|Any CPU
		{3002A8E4-31C8-4185-A806-A48F35419149}.Debug|Any CPU.ActiveCfg = Debug|Any CPU
		{3002A8E4-31C8-4185-A806-A48F35419149}.Debug|Any CPU.Build.0 = Debug|Any CPU
		{3002A8E4-31C8-4185-A806-A48F35419149}.Release|Any CPU.ActiveCfg = Release|Any CPU
		{3002A8E4-31C8-4185-A806-A48F35419149}.Release|Any CPU.Build.0 = Release|Any CPU
		{8B4C2FDC-7D31-413C-8AF6-83C7D0DDD2EE}.Debug|Any CPU.ActiveCfg = Debug|Any CPU
		{8B4C2FDC-7D31-413C-8AF6-83C7D0DDD2EE}.Debug|Any CPU.Build.0 = Debug|Any CPU
		{8B4C2FDC-7D31-413C-8AF6-83C7D0DDD2EE}.Release|Any CPU.ActiveCfg = Release|Any CPU
		{8B4C2FDC-7D31-413C-8AF6-83C7D0DDD2EE}.Release|Any CPU.Build.0 = Release|Any CPU
		{3BE0A6F8-6A20-4F83-886A-46620FEE3654}.Debug|Any CPU.ActiveCfg = Debug|Any CPU
		{3BE0A6F8-6A20-4F83-886A-46620FEE3654}.Debug|Any CPU.Build.0 = Debug|Any CPU
		{3BE0A6F8-6A20-4F83-886A-46620FEE3654}.Release|Any CPU.ActiveCfg = Release|Any CPU
		{3BE0A6F8-6A20-4F83-886A-46620FEE3654}.Release|Any CPU.Build.0 = Release|Any CPU
		{D7C457CA-891F-425A-BEDC-2345A985FD35}.Debug|Any CPU.ActiveCfg = Debug|Any CPU
		{D7C457CA-891F-425A-BEDC-2345A985FD35}.Debug|Any CPU.Build.0 = Debug|Any CPU
		{D7C457CA-891F-425A-BEDC-2345A985FD35}.Release|Any CPU.ActiveCfg = Release|Any CPU
		{D7C457CA-891F-425A-BEDC-2345A985FD35}.Release|Any CPU.Build.0 = Release|Any CPU
		{4982CEF7-4CF3-48C0-8925-5E14AFD3C94D}.Debug|Any CPU.ActiveCfg = Debug|Any CPU
		{4982CEF7-4CF3-48C0-8925-5E14AFD3C94D}.Debug|Any CPU.Build.0 = Debug|Any CPU
		{4982CEF7-4CF3-48C0-8925-5E14AFD3C94D}.Release|Any CPU.ActiveCfg = Release|Any CPU
		{4982CEF7-4CF3-48C0-8925-5E14AFD3C94D}.Release|Any CPU.Build.0 = Release|Any CPU
		{8B9F86B5-B877-4596-8363-3243E0ECB963}.Debug|Any CPU.ActiveCfg = Debug|Any CPU
		{8B9F86B5-B877-4596-8363-3243E0ECB963}.Debug|Any CPU.Build.0 = Debug|Any CPU
		{8B9F86B5-B877-4596-8363-3243E0ECB963}.Release|Any CPU.ActiveCfg = Release|Any CPU
		{8B9F86B5-B877-4596-8363-3243E0ECB963}.Release|Any CPU.Build.0 = Release|Any CPU
		{F0AA51F3-A93E-4233-A27D-A3F2BADC0D49}.Debug|Any CPU.ActiveCfg = Debug|Any CPU
		{F0AA51F3-A93E-4233-A27D-A3F2BADC0D49}.Debug|Any CPU.Build.0 = Debug|Any CPU
		{F0AA51F3-A93E-4233-A27D-A3F2BADC0D49}.Release|Any CPU.ActiveCfg = Release|Any CPU
		{F0AA51F3-A93E-4233-A27D-A3F2BADC0D49}.Release|Any CPU.Build.0 = Release|Any CPU
		{64D06A26-FFD0-420B-B668-B6D54D50EBC5}.Debug|Any CPU.ActiveCfg = Debug|Any CPU
		{64D06A26-FFD0-420B-B668-B6D54D50EBC5}.Debug|Any CPU.Build.0 = Debug|Any CPU
		{64D06A26-FFD0-420B-B668-B6D54D50EBC5}.Release|Any CPU.ActiveCfg = Release|Any CPU
		{64D06A26-FFD0-420B-B668-B6D54D50EBC5}.Release|Any CPU.Build.0 = Release|Any CPU
	EndGlobalSection
	GlobalSection(SolutionProperties) = preSolution
		HideSolutionNode = FALSE
	EndGlobalSection
EndGlobal
