
Microsoft Visual Studio Solution File, Format Version 12.00
# Visual Studio Version 16
VisualStudioVersion = 16.0.32106.194
MinimumVisualStudioVersion = 10.0.40219.1
Project("{2150E333-8FDC-42A3-9474-1A3956D46DE8}") = "Solution Items", "Solution Items", "{A7B06A2A-26BA-402A-A4A4-9F3DAEC3BEA5}"
	ProjectSection(SolutionItems) = preProject
		LICENSE = LICENSE
		Make.bat = Make.bat
		readme.html = readme.html
		README.md = README.md
		Report.NET.nuspec = Report.NET.nuspec
	EndProjectSection
EndProject
Project("{9A19103F-16F7-4668-BE54-9A1E7A4F7556}") = "Reports", "Root\Reports\Reports.csproj", "{9969CA1A-1552-41F6-A8C6-76A218AC581F}"
EndProject
Global
	GlobalSection(SolutionConfigurationPlatforms) = preSolution
		Debug|Any CPU = Debug|Any CPU
		Release|Any CPU = Release|Any CPU
	EndGlobalSection
	GlobalSection(ProjectConfigurationPlatforms) = postSolution
		{9969CA1A-1552-41F6-A8C6-76A218AC581F}.Debug|Any CPU.ActiveCfg = Debug|Any CPU
		{9969CA1A-1552-41F6-A8C6-76A218AC581F}.Debug|Any CPU.Build.0 = Debug|Any CPU
		{9969CA1A-1552-41F6-A8C6-76A218AC581F}.Release|Any CPU.ActiveCfg = Release|Any CPU
		{9969CA1A-1552-41F6-A8C6-76A218AC581F}.Release|Any CPU.Build.0 = Release|Any CPU
	EndGlobalSection
	GlobalSection(SolutionProperties) = preSolution
		HideSolutionNode = FALSE
	EndGlobalSection
	GlobalSection(ExtensibilityGlobals) = postSolution
		SolutionGuid = {30BC80F5-F895-4779-92E1-311782F6EBFD}
	EndGlobalSection
EndGlobal
